
Microsoft Visual Studio Solution File, Format Version 12.00
# Visual Studio Version 16
VisualStudioVersion = 16.0.30804.86
MinimumVisualStudioVersion = 10.0.40219.1
Project("{8BC9CEB8-8B4A-11D0-8D11-00A0C91BC942}") = "sandbox", "sandbox\sandbox.vcxproj", "{03685B38-7E58-472A-8D84-DA7ABDFECE33}"
EndProject
Project("{8BC9CEB8-8B4A-11D0-8D11-00A0C91BC942}") = "proton2d", "proton2d\proton2d.vcxproj", "{6BFF7ED4-7ADB-40FD-A2E8-A602966CCD3C}"
EndProject
Global
	GlobalSection(SolutionConfigurationPlatforms) = preSolution
		Debug|x64 = Debug|x64
		Release|x64 = Release|x64
	EndGlobalSection
	GlobalSection(ProjectConfigurationPlatforms) = postSolution
		{6BFF7ED4-7ADB-40FD-A2E8-A602966CCD3C}.Debug|x64.ActiveCfg = Debug|x64
		{6BFF7ED4-7ADB-40FD-A2E8-A602966CCD3C}.Debug|x64.Build.0 = Debug|x64
		{6BFF7ED4-7ADB-40FD-A2E8-A602966CCD3C}.Release|x64.ActiveCfg = Release|x64
		{6BFF7ED4-7ADB-40FD-A2E8-A602966CCD3C}.Release|x64.Build.0 = Release|x64
		{03685B38-7E58-472A-8D84-DA7ABDFECE33}.Debug|x64.ActiveCfg = Debug|x64
		{03685B38-7E58-472A-8D84-DA7ABDFECE33}.Debug|x64.Build.0 = Debug|x64
		{03685B38-7E58-472A-8D84-DA7ABDFECE33}.Release|x64.ActiveCfg = Release|x64
		{03685B38-7E58-472A-8D84-DA7ABDFECE33}.Release|x64.Build.0 = Release|x64
	EndGlobalSection
	GlobalSection(SolutionProperties) = preSolution
		HideSolutionNode = FALSE
	EndGlobalSection
	GlobalSection(ExtensibilityGlobals) = postSolution
		SolutionGuid = {4F8AC329-2665-4174-9C7B-B67F35408B71}
	EndGlobalSection
EndGlobal
